
Microsoft Visual Studio Solution File, Format Version 12.00
# Visual Studio Version 17
VisualStudioVersion = 17.0.31912.275
MinimumVisualStudioVersion = 10.0.40219.1
Project("{8BC9CEB8-8B4A-11D0-8D11-00A0C91BC942}") = "MandelbrotSet", "MandelbrotSet\MandelbrotSet.vcxproj", "{899F8B62-DF42-4B84-B037-99CBE04922EB}"
EndProject
Global
	GlobalSection(SolutionConfigurationPlatforms) = preSolution
		Debug|x64 = Debug|x64
		Debug|x86 = Debug|x86
		Release|x64 = Release|x64
		Release|x86 = Release|x86
	EndGlobalSection
	GlobalSection(ProjectConfigurationPlatforms) = postSolution
		{899F8B62-DF42-4B84-B037-99CBE04922EB}.Debug|x64.ActiveCfg = Debug|x64
		{899F8B62-DF42-4B84-B037-99CBE04922EB}.Debug|x64.Build.0 = Debug|x64
		{899F8B62-DF42-4B84-B037-99CBE04922EB}.Debug|x86.ActiveCfg = Debug|Win32
		{899F8B62-DF42-4B84-B037-99CBE04922EB}.Debug|x86.Build.0 = Debug|Win32
		{899F8B62-DF42-4B84-B037-99CBE04922EB}.Release|x64.ActiveCfg = Release|x64
		{899F8B62-DF42-4B84-B037-99CBE04922EB}.Release|x64.Build.0 = Release|x64
		{899F8B62-DF42-4B84-B037-99CBE04922EB}.Release|x86.ActiveCfg = Release|Win32
		{899F8B62-DF42-4B84-B037-99CBE04922EB}.Release|x86.Build.0 = Release|Win32
	EndGlobalSection
	GlobalSection(SolutionProperties) = preSolution
		HideSolutionNode = FALSE
	EndGlobalSection
	GlobalSection(ExtensibilityGlobals) = postSolution
		SolutionGuid = {71B94C04-A557-4640-9F67-A04D1C048EA2}
	EndGlobalSection
EndGlobal
